// !$*UTF8*$!
{
	archiveVersion = 1;
	classes = {
	};
	objectVersion = 46;
	objects = {

/* Begin PBXBuildFile section */
		8311E3E51847A1DF0011212C /* KeychainItemWrapper.m in Sources */ = {isa = PBXBuildFile; fileRef = 8311E3E41847A1DF0011212C /* KeychainItemWrapper.m */; };
		8311E3E71847A27A0011212C /* Security.framework in Frameworks */ = {isa = PBXBuildFile; fileRef = 8311E3E61847A27A0011212C /* Security.framework */; };
		833403DC18C5FA7E00A8B6E0 /* LVFCell.m in Sources */ = {isa = PBXBuildFile; fileRef = 833403DB18C5FA7E00A8B6E0 /* LVFCell.m */; };
		833403DF18C63A3000A8B6E0 /* LVFSettingsController.m in Sources */ = {isa = PBXBuildFile; fileRef = 833403DE18C63A3000A8B6E0 /* LVFSettingsController.m */; };
		833403E218C63A6800A8B6E0 /* LVFAboutController.m in Sources */ = {isa = PBXBuildFile; fileRef = 833403E118C63A6800A8B6E0 /* LVFAboutController.m */; };
		8365A708182BEFFE003F7301 /* LVFTableView.m in Sources */ = {isa = PBXBuildFile; fileRef = 8365A707182BEFFE003F7301 /* LVFTableView.m */; };
		8365A70B182BF09E003F7301 /* LVFTableViewController.m in Sources */ = {isa = PBXBuildFile; fileRef = 8365A70A182BF09E003F7301 /* LVFTableViewController.m */; };
		837422601815B0D4000FCC76 /* Foundation.framework in Frameworks */ = {isa = PBXBuildFile; fileRef = 8374225F1815B0D4000FCC76 /* Foundation.framework */; };
		837422621815B0D4000FCC76 /* CoreGraphics.framework in Frameworks */ = {isa = PBXBuildFile; fileRef = 837422611815B0D4000FCC76 /* CoreGraphics.framework */; };
		837422641815B0D4000FCC76 /* UIKit.framework in Frameworks */ = {isa = PBXBuildFile; fileRef = 837422631815B0D4000FCC76 /* UIKit.framework */; };
		837422661815B0D4000FCC76 /* CoreData.framework in Frameworks */ = {isa = PBXBuildFile; fileRef = 837422651815B0D4000FCC76 /* CoreData.framework */; };
		8374226C1815B0D4000FCC76 /* InfoPlist.strings in Resources */ = {isa = PBXBuildFile; fileRef = 8374226A1815B0D4000FCC76 /* InfoPlist.strings */; };
		8374226E1815B0D4000FCC76 /* main.m in Sources */ = {isa = PBXBuildFile; fileRef = 8374226D1815B0D4000FCC76 /* main.m */; };
		837422721815B0D4000FCC76 /* LVFAppDelegate.m in Sources */ = {isa = PBXBuildFile; fileRef = 837422711815B0D4000FCC76 /* LVFAppDelegate.m */; };
		837422751815B0D4000FCC76 /* GameQ_Mobile.xcdatamodeld in Sources */ = {isa = PBXBuildFile; fileRef = 837422731815B0D4000FCC76 /* GameQ_Mobile.xcdatamodeld */; };
		837422771815B0D4000FCC76 /* Images.xcassets in Resources */ = {isa = PBXBuildFile; fileRef = 837422761815B0D4000FCC76 /* Images.xcassets */; };
		837422A01815B0DF000FCC76 /* LVFViewController.m in Sources */ = {isa = PBXBuildFile; fileRef = 837422971815B0DF000FCC76 /* LVFViewController.m */; };
		837422A11815B0DF000FCC76 /* NSString+SHA256.m in Sources */ = {isa = PBXBuildFile; fileRef = 837422991815B0DF000FCC76 /* NSString+SHA256.m */; };
		837422A21815B0DF000FCC76 /* LVFConnections.m in Sources */ = {isa = PBXBuildFile; fileRef = 8374229B1815B0DF000FCC76 /* LVFConnections.m */; };
		837422A31815B0DF000FCC76 /* LVFConnect.m in Sources */ = {isa = PBXBuildFile; fileRef = 8374229D1815B0DF000FCC76 /* LVFConnect.m */; };
		837422AB18181E7A000FCC76 /* LVFDataModel.m in Sources */ = {isa = PBXBuildFile; fileRef = 837422AA18181E7A000FCC76 /* LVFDataModel.m */; };
		837422AE18184443000FCC76 /* LVFDefinitions.m in Sources */ = {isa = PBXBuildFile; fileRef = 837422AD18184443000FCC76 /* LVFDefinitions.m */; };
		839698F918A67BA900F2C417 /* StoreKit.framework in Frameworks */ = {isa = PBXBuildFile; fileRef = 839698F818A67BA900F2C417 /* StoreKit.framework */; };
		83BFCFC019A61B67002C0DD6 /* cslogo.png in Resources */ = {isa = PBXBuildFile; fileRef = 83BFCFBF19A61B67002C0DD6 /* cslogo.png */; };
		83BFCFCB19A63476002C0DD6 /* listIcon@2x.png in Resources */ = {isa = PBXBuildFile; fileRef = 83BFCFC919A63476002C0DD6 /* listIcon@2x.png */; };
		83BFCFCC19A63476002C0DD6 /* listIcon.png in Resources */ = {isa = PBXBuildFile; fileRef = 83BFCFCA19A63476002C0DD6 /* listIcon.png */; };
		83BFCFCF19A64B65002C0DD6 /* honlogo.png in Resources */ = {isa = PBXBuildFile; fileRef = 83BFCFCD19A64B65002C0DD6 /* honlogo.png */; };
		83BFCFD019A64B65002C0DD6 /* dotalogo.png in Resources */ = {isa = PBXBuildFile; fileRef = 83BFCFCE19A64B65002C0DD6 /* dotalogo.png */; };
		83BFCFD319A6D191002C0DD6 /* iRate.m in Sources */ = {isa = PBXBuildFile; fileRef = 83BFCFD219A6D191002C0DD6 /* iRate.m */; };
		83BFCFD519A6D19D002C0DD6 /* iRate.bundle in Resources */ = {isa = PBXBuildFile; fileRef = 83BFCFD419A6D19D002C0DD6 /* iRate.bundle */; };
		83EFA90719A4B80900DD1A16 /* LVFViewControllerTwo.m in Sources */ = {isa = PBXBuildFile; fileRef = 83EFA90619A4B80900DD1A16 /* LVFViewControllerTwo.m */; };
		83EFA91319A4D10D00DD1A16 /* LVFMasterViewController.m in Sources */ = {isa = PBXBuildFile; fileRef = 83EFA91219A4D10D00DD1A16 /* LVFMasterViewController.m */; };
		83F76CF519B4DA120023441F /* facebook48.png in Resources */ = {isa = PBXBuildFile; fileRef = 83F76CF319B4DA120023441F /* facebook48.png */; };
		83F76CF619B4DA120023441F /* twitter48.png in Resources */ = {isa = PBXBuildFile; fileRef = 83F76CF419B4DA120023441F /* twitter48.png */; };
		9C6852E319320BEF00652B0C /* kuggDefault.png in Resources */ = {isa = PBXBuildFile; fileRef = 9C6852DF19320BEF00652B0C /* kuggDefault.png */; };
		9C6852E419320BEF00652B0C /* kuggDefault@2x.png in Resources */ = {isa = PBXBuildFile; fileRef = 9C6852E019320BEF00652B0C /* kuggDefault@2x.png */; };
		9C6852E519320BEF00652B0C /* kuggHighlighted.png in Resources */ = {isa = PBXBuildFile; fileRef = 9C6852E119320BEF00652B0C /* kuggHighlighted.png */; };
		9C6852E619320BEF00652B0C /* kuggHighlighted@2x.png in Resources */ = {isa = PBXBuildFile; fileRef = 9C6852E219320BEF00652B0C /* kuggHighlighted@2x.png */; };
		AE4A921619B3A621004CAF3A /* greenLight.png in Resources */ = {isa = PBXBuildFile; fileRef = AE4A920E19B3A621004CAF3A /* greenLight.png */; };
		AE4A921719B3A621004CAF3A /* greenLight@2x.png in Resources */ = {isa = PBXBuildFile; fileRef = AE4A920F19B3A621004CAF3A /* greenLight@2x.png */; };
		AE4A921819B3A621004CAF3A /* greyLight.png in Resources */ = {isa = PBXBuildFile; fileRef = AE4A921019B3A621004CAF3A /* greyLight.png */; };
		AE4A921919B3A621004CAF3A /* greyLight@2x.png in Resources */ = {isa = PBXBuildFile; fileRef = AE4A921119B3A621004CAF3A /* greyLight@2x.png */; };
		AE4A921A19B3A621004CAF3A /* redLight.png in Resources */ = {isa = PBXBuildFile; fileRef = AE4A921219B3A621004CAF3A /* redLight.png */; };
		AE4A921B19B3A621004CAF3A /* redLight@2x.png in Resources */ = {isa = PBXBuildFile; fileRef = AE4A921319B3A621004CAF3A /* redLight@2x.png */; };
		AE4A921C19B3A621004CAF3A /* yellowLight.png in Resources */ = {isa = PBXBuildFile; fileRef = AE4A921419B3A621004CAF3A /* yellowLight.png */; };
		AE4A921D19B3A621004CAF3A /* yellowLight@2x.png in Resources */ = {isa = PBXBuildFile; fileRef = AE4A921519B3A621004CAF3A /* yellowLight@2x.png */; };
		AE597B6B19B23D4D00419B16 /* blurred.png in Resources */ = {isa = PBXBuildFile; fileRef = AE597B6A19B23D4D00419B16 /* blurred.png */; };
		AE597B6E19B23F1800419B16 /* sqt.png in Resources */ = {isa = PBXBuildFile; fileRef = AE597B6C19B23F1800419B16 /* sqt.png */; };
		AE597B6F19B23F1800419B16 /* sqt@2x.png in Resources */ = {isa = PBXBuildFile; fileRef = AE597B6D19B23F1800419B16 /* sqt@2x.png */; };
		AE597B7219B244A100419B16 /* sq-nb.png in Resources */ = {isa = PBXBuildFile; fileRef = AE597B7019B244A100419B16 /* sq-nb.png */; };
		AE597B7319B244A100419B16 /* sq-nb@2x.png in Resources */ = {isa = PBXBuildFile; fileRef = AE597B7119B244A100419B16 /* sq-nb@2x.png */; };
		AE597B7E19B24A4F00419B16 /* sq-nb-ora.png in Resources */ = {isa = PBXBuildFile; fileRef = AE597B7C19B24A4F00419B16 /* sq-nb-ora.png */; };
		AE597B7F19B24A4F00419B16 /* sq-nb-ora@2x.png in Resources */ = {isa = PBXBuildFile; fileRef = AE597B7D19B24A4F00419B16 /* sq-nb-ora@2x.png */; };
/* End PBXBuildFile section */

/* Begin PBXFileReference section */
		8311E3E31847A1DF0011212C /* KeychainItemWrapper.h */ = {isa = PBXFileReference; fileEncoding = 4; lastKnownFileType = sourcecode.c.h; path = KeychainItemWrapper.h; sourceTree = "<group>"; };
		8311E3E41847A1DF0011212C /* KeychainItemWrapper.m */ = {isa = PBXFileReference; fileEncoding = 4; lastKnownFileType = sourcecode.c.objc; path = KeychainItemWrapper.m; sourceTree = "<group>"; };
		8311E3E61847A27A0011212C /* Security.framework */ = {isa = PBXFileReference; lastKnownFileType = wrapper.framework; name = Security.framework; path = System/Library/Frameworks/Security.framework; sourceTree = SDKROOT; };
		833403DA18C5FA7E00A8B6E0 /* LVFCell.h */ = {isa = PBXFileReference; fileEncoding = 4; lastKnownFileType = sourcecode.c.h; path = LVFCell.h; sourceTree = "<group>"; };
		833403DB18C5FA7E00A8B6E0 /* LVFCell.m */ = {isa = PBXFileReference; fileEncoding = 4; lastKnownFileType = sourcecode.c.objc; path = LVFCell.m; sourceTree = "<group>"; };
		833403DD18C63A3000A8B6E0 /* LVFSettingsController.h */ = {isa = PBXFileReference; fileEncoding = 4; lastKnownFileType = sourcecode.c.h; path = LVFSettingsController.h; sourceTree = "<group>"; };
		833403DE18C63A3000A8B6E0 /* LVFSettingsController.m */ = {isa = PBXFileReference; fileEncoding = 4; lastKnownFileType = sourcecode.c.objc; path = LVFSettingsController.m; sourceTree = "<group>"; };
		833403E018C63A6800A8B6E0 /* LVFAboutController.h */ = {isa = PBXFileReference; fileEncoding = 4; lastKnownFileType = sourcecode.c.h; path = LVFAboutController.h; sourceTree = "<group>"; };
		833403E118C63A6800A8B6E0 /* LVFAboutController.m */ = {isa = PBXFileReference; fileEncoding = 4; lastKnownFileType = sourcecode.c.objc; path = LVFAboutController.m; sourceTree = "<group>"; };
		8365A706182BEFFE003F7301 /* LVFTableView.h */ = {isa = PBXFileReference; fileEncoding = 4; lastKnownFileType = sourcecode.c.h; path = LVFTableView.h; sourceTree = "<group>"; };
		8365A707182BEFFE003F7301 /* LVFTableView.m */ = {isa = PBXFileReference; fileEncoding = 4; lastKnownFileType = sourcecode.c.objc; path = LVFTableView.m; sourceTree = "<group>"; };
		8365A709182BF09E003F7301 /* LVFTableViewController.h */ = {isa = PBXFileReference; fileEncoding = 4; lastKnownFileType = sourcecode.c.h; path = LVFTableViewController.h; sourceTree = "<group>"; };
		8365A70A182BF09E003F7301 /* LVFTableViewController.m */ = {isa = PBXFileReference; fileEncoding = 4; lastKnownFileType = sourcecode.c.objc; path = LVFTableViewController.m; sourceTree = "<group>"; };
		8374225C1815B0D4000FCC76 /* GameQ-Mobile.app */ = {isa = PBXFileReference; explicitFileType = wrapper.application; includeInIndex = 0; path = "GameQ-Mobile.app"; sourceTree = BUILT_PRODUCTS_DIR; };
		8374225F1815B0D4000FCC76 /* Foundation.framework */ = {isa = PBXFileReference; lastKnownFileType = wrapper.framework; name = Foundation.framework; path = System/Library/Frameworks/Foundation.framework; sourceTree = SDKROOT; };
		837422611815B0D4000FCC76 /* CoreGraphics.framework */ = {isa = PBXFileReference; lastKnownFileType = wrapper.framework; name = CoreGraphics.framework; path = System/Library/Frameworks/CoreGraphics.framework; sourceTree = SDKROOT; };
		837422631815B0D4000FCC76 /* UIKit.framework */ = {isa = PBXFileReference; lastKnownFileType = wrapper.framework; name = UIKit.framework; path = System/Library/Frameworks/UIKit.framework; sourceTree = SDKROOT; };
		837422651815B0D4000FCC76 /* CoreData.framework */ = {isa = PBXFileReference; lastKnownFileType = wrapper.framework; name = CoreData.framework; path = System/Library/Frameworks/CoreData.framework; sourceTree = SDKROOT; };
		837422691815B0D4000FCC76 /* GameQ-Mobile-Info.plist */ = {isa = PBXFileReference; lastKnownFileType = text.plist.xml; path = "GameQ-Mobile-Info.plist"; sourceTree = "<group>"; };
		8374226B1815B0D4000FCC76 /* en */ = {isa = PBXFileReference; lastKnownFileType = text.plist.strings; name = en; path = en.lproj/InfoPlist.strings; sourceTree = "<group>"; };
		8374226D1815B0D4000FCC76 /* main.m */ = {isa = PBXFileReference; lastKnownFileType = sourcecode.c.objc; path = main.m; sourceTree = "<group>"; };
		8374226F1815B0D4000FCC76 /* GameQ-Mobile-Prefix.pch */ = {isa = PBXFileReference; lastKnownFileType = sourcecode.c.h; path = "GameQ-Mobile-Prefix.pch"; sourceTree = "<group>"; };
		837422701815B0D4000FCC76 /* LVFAppDelegate.h */ = {isa = PBXFileReference; lastKnownFileType = sourcecode.c.h; path = LVFAppDelegate.h; sourceTree = "<group>"; };
		837422711815B0D4000FCC76 /* LVFAppDelegate.m */ = {isa = PBXFileReference; lastKnownFileType = sourcecode.c.objc; path = LVFAppDelegate.m; sourceTree = "<group>"; };
		837422741815B0D4000FCC76 /* GameQ_Mobile.xcdatamodel */ = {isa = PBXFileReference; lastKnownFileType = wrapper.xcdatamodel; path = GameQ_Mobile.xcdatamodel; sourceTree = "<group>"; };
		837422761815B0D4000FCC76 /* Images.xcassets */ = {isa = PBXFileReference; lastKnownFileType = folder.assetcatalog; path = Images.xcassets; sourceTree = "<group>"; };
		8374227D1815B0D4000FCC76 /* XCTest.framework */ = {isa = PBXFileReference; lastKnownFileType = wrapper.framework; name = XCTest.framework; path = Library/Frameworks/XCTest.framework; sourceTree = DEVELOPER_DIR; };
		837422861815B0D4000FCC76 /* GameQ-MobileTests-Info.plist */ = {isa = PBXFileReference; lastKnownFileType = text.plist.xml; path = "GameQ-MobileTests-Info.plist"; sourceTree = "<group>"; };
		837422881815B0D4000FCC76 /* en */ = {isa = PBXFileReference; lastKnownFileType = text.plist.strings; name = en; path = en.lproj/InfoPlist.strings; sourceTree = "<group>"; };
		8374228A1815B0D4000FCC76 /* GameQ_MobileTests.m */ = {isa = PBXFileReference; lastKnownFileType = sourcecode.c.objc; path = GameQ_MobileTests.m; sourceTree = "<group>"; };
		837422961815B0DF000FCC76 /* LVFViewController.h */ = {isa = PBXFileReference; fileEncoding = 4; lastKnownFileType = sourcecode.c.h; path = LVFViewController.h; sourceTree = "<group>"; };
		837422971815B0DF000FCC76 /* LVFViewController.m */ = {isa = PBXFileReference; fileEncoding = 4; lastKnownFileType = sourcecode.c.objc; path = LVFViewController.m; sourceTree = "<group>"; };
		837422981815B0DF000FCC76 /* NSString+SHA256.h */ = {isa = PBXFileReference; fileEncoding = 4; lastKnownFileType = sourcecode.c.h; path = "NSString+SHA256.h"; sourceTree = "<group>"; };
		837422991815B0DF000FCC76 /* NSString+SHA256.m */ = {isa = PBXFileReference; fileEncoding = 4; lastKnownFileType = sourcecode.c.objc; path = "NSString+SHA256.m"; sourceTree = "<group>"; };
		8374229A1815B0DF000FCC76 /* LVFConnections.h */ = {isa = PBXFileReference; fileEncoding = 4; lastKnownFileType = sourcecode.c.h; path = LVFConnections.h; sourceTree = "<group>"; };
		8374229B1815B0DF000FCC76 /* LVFConnections.m */ = {isa = PBXFileReference; fileEncoding = 4; lastKnownFileType = sourcecode.c.objc; path = LVFConnections.m; sourceTree = "<group>"; };
		8374229C1815B0DF000FCC76 /* LVFConnect.h */ = {isa = PBXFileReference; fileEncoding = 4; lastKnownFileType = sourcecode.c.h; path = LVFConnect.h; sourceTree = "<group>"; };
		8374229D1815B0DF000FCC76 /* LVFConnect.m */ = {isa = PBXFileReference; fileEncoding = 4; lastKnownFileType = sourcecode.c.objc; path = LVFConnect.m; sourceTree = "<group>"; };
		837422A918181E7A000FCC76 /* LVFDataModel.h */ = {isa = PBXFileReference; fileEncoding = 4; lastKnownFileType = sourcecode.c.h; path = LVFDataModel.h; sourceTree = "<group>"; };
		837422AA18181E7A000FCC76 /* LVFDataModel.m */ = {isa = PBXFileReference; fileEncoding = 4; lastKnownFileType = sourcecode.c.objc; path = LVFDataModel.m; sourceTree = "<group>"; };
		837422AC18184443000FCC76 /* LVFDefinitions.h */ = {isa = PBXFileReference; fileEncoding = 4; lastKnownFileType = sourcecode.c.h; path = LVFDefinitions.h; sourceTree = "<group>"; };
		837422AD18184443000FCC76 /* LVFDefinitions.m */ = {isa = PBXFileReference; fileEncoding = 4; lastKnownFileType = sourcecode.c.objc; path = LVFDefinitions.m; sourceTree = "<group>"; };
		839698F818A67BA900F2C417 /* StoreKit.framework */ = {isa = PBXFileReference; lastKnownFileType = wrapper.framework; name = StoreKit.framework; path = System/Library/Frameworks/StoreKit.framework; sourceTree = SDKROOT; };
		83BFCFBF19A61B67002C0DD6 /* cslogo.png */ = {isa = PBXFileReference; lastKnownFileType = image.png; path = cslogo.png; sourceTree = "<group>"; };
		83BFCFC919A63476002C0DD6 /* listIcon@2x.png */ = {isa = PBXFileReference; lastKnownFileType = image.png; path = "listIcon@2x.png"; sourceTree = "<group>"; };
		83BFCFCA19A63476002C0DD6 /* listIcon.png */ = {isa = PBXFileReference; lastKnownFileType = image.png; path = listIcon.png; sourceTree = "<group>"; };
		83BFCFCD19A64B65002C0DD6 /* honlogo.png */ = {isa = PBXFileReference; lastKnownFileType = image.png; path = honlogo.png; sourceTree = "<group>"; };
		83BFCFCE19A64B65002C0DD6 /* dotalogo.png */ = {isa = PBXFileReference; lastKnownFileType = image.png; path = dotalogo.png; sourceTree = "<group>"; };
		83BFCFD119A6D191002C0DD6 /* iRate.h */ = {isa = PBXFileReference; fileEncoding = 4; lastKnownFileType = sourcecode.c.h; path = iRate.h; sourceTree = "<group>"; };
		83BFCFD219A6D191002C0DD6 /* iRate.m */ = {isa = PBXFileReference; fileEncoding = 4; lastKnownFileType = sourcecode.c.objc; path = iRate.m; sourceTree = "<group>"; };
		83BFCFD419A6D19D002C0DD6 /* iRate.bundle */ = {isa = PBXFileReference; lastKnownFileType = "wrapper.plug-in"; path = iRate.bundle; sourceTree = "<group>"; };
		83EFA90519A4B80900DD1A16 /* LVFViewControllerTwo.h */ = {isa = PBXFileReference; fileEncoding = 4; lastKnownFileType = sourcecode.c.h; path = LVFViewControllerTwo.h; sourceTree = "<group>"; };
		83EFA90619A4B80900DD1A16 /* LVFViewControllerTwo.m */ = {isa = PBXFileReference; fileEncoding = 4; lastKnownFileType = sourcecode.c.objc; path = LVFViewControllerTwo.m; sourceTree = "<group>"; };
		83EFA91119A4D10D00DD1A16 /* LVFMasterViewController.h */ = {isa = PBXFileReference; fileEncoding = 4; lastKnownFileType = sourcecode.c.h; path = LVFMasterViewController.h; sourceTree = "<group>"; };
		83EFA91219A4D10D00DD1A16 /* LVFMasterViewController.m */ = {isa = PBXFileReference; fileEncoding = 4; lastKnownFileType = sourcecode.c.objc; path = LVFMasterViewController.m; sourceTree = "<group>"; };
		83F76CF319B4DA120023441F /* facebook48.png */ = {isa = PBXFileReference; lastKnownFileType = image.png; path = facebook48.png; sourceTree = "<group>"; };
		83F76CF419B4DA120023441F /* twitter48.png */ = {isa = PBXFileReference; lastKnownFileType = image.png; path = twitter48.png; sourceTree = "<group>"; };
		9C6852DF19320BEF00652B0C /* kuggDefault.png */ = {isa = PBXFileReference; lastKnownFileType = image.png; path = kuggDefault.png; sourceTree = "<group>"; };
		9C6852E019320BEF00652B0C /* kuggDefault@2x.png */ = {isa = PBXFileReference; lastKnownFileType = image.png; path = "kuggDefault@2x.png"; sourceTree = "<group>"; };
		9C6852E119320BEF00652B0C /* kuggHighlighted.png */ = {isa = PBXFileReference; lastKnownFileType = image.png; path = kuggHighlighted.png; sourceTree = "<group>"; };
		9C6852E219320BEF00652B0C /* kuggHighlighted@2x.png */ = {isa = PBXFileReference; lastKnownFileType = image.png; path = "kuggHighlighted@2x.png"; sourceTree = "<group>"; };
		AE4A920E19B3A621004CAF3A /* greenLight.png */ = {isa = PBXFileReference; lastKnownFileType = image.png; path = greenLight.png; sourceTree = "<group>"; };
		AE4A920F19B3A621004CAF3A /* greenLight@2x.png */ = {isa = PBXFileReference; lastKnownFileType = image.png; path = "greenLight@2x.png"; sourceTree = "<group>"; };
		AE4A921019B3A621004CAF3A /* greyLight.png */ = {isa = PBXFileReference; lastKnownFileType = image.png; path = greyLight.png; sourceTree = "<group>"; };
		AE4A921119B3A621004CAF3A /* greyLight@2x.png */ = {isa = PBXFileReference; lastKnownFileType = image.png; path = "greyLight@2x.png"; sourceTree = "<group>"; };
		AE4A921219B3A621004CAF3A /* redLight.png */ = {isa = PBXFileReference; lastKnownFileType = image.png; path = redLight.png; sourceTree = "<group>"; };
		AE4A921319B3A621004CAF3A /* redLight@2x.png */ = {isa = PBXFileReference; lastKnownFileType = image.png; path = "redLight@2x.png"; sourceTree = "<group>"; };
		AE4A921419B3A621004CAF3A /* yellowLight.png */ = {isa = PBXFileReference; lastKnownFileType = image.png; path = yellowLight.png; sourceTree = "<group>"; };
		AE4A921519B3A621004CAF3A /* yellowLight@2x.png */ = {isa = PBXFileReference; lastKnownFileType = image.png; path = "yellowLight@2x.png"; sourceTree = "<group>"; };
		AE597B6A19B23D4D00419B16 /* blurred.png */ = {isa = PBXFileReference; lastKnownFileType = image.png; path = blurred.png; sourceTree = "<group>"; };
		AE597B6C19B23F1800419B16 /* sqt.png */ = {isa = PBXFileReference; lastKnownFileType = image.png; path = sqt.png; sourceTree = "<group>"; };
		AE597B6D19B23F1800419B16 /* sqt@2x.png */ = {isa = PBXFileReference; lastKnownFileType = image.png; path = "sqt@2x.png"; sourceTree = "<group>"; };
		AE597B7019B244A100419B16 /* sq-nb.png */ = {isa = PBXFileReference; lastKnownFileType = image.png; path = "sq-nb.png"; sourceTree = "<group>"; };
		AE597B7119B244A100419B16 /* sq-nb@2x.png */ = {isa = PBXFileReference; lastKnownFileType = image.png; path = "sq-nb@2x.png"; sourceTree = "<group>"; };
		AE597B7C19B24A4F00419B16 /* sq-nb-ora.png */ = {isa = PBXFileReference; lastKnownFileType = image.png; path = "sq-nb-ora.png"; sourceTree = "<group>"; };
		AE597B7D19B24A4F00419B16 /* sq-nb-ora@2x.png */ = {isa = PBXFileReference; lastKnownFileType = image.png; path = "sq-nb-ora@2x.png"; sourceTree = "<group>"; };
/* End PBXFileReference section */

/* Begin PBXFrameworksBuildPhase section */
		837422591815B0D4000FCC76 /* Frameworks */ = {
			isa = PBXFrameworksBuildPhase;
			buildActionMask = 2147483647;
			files = (
				839698F918A67BA900F2C417 /* StoreKit.framework in Frameworks */,
				8311E3E71847A27A0011212C /* Security.framework in Frameworks */,
				837422621815B0D4000FCC76 /* CoreGraphics.framework in Frameworks */,
				837422661815B0D4000FCC76 /* CoreData.framework in Frameworks */,
				837422641815B0D4000FCC76 /* UIKit.framework in Frameworks */,
				837422601815B0D4000FCC76 /* Foundation.framework in Frameworks */,
			);
			runOnlyForDeploymentPostprocessing = 0;
		};
/* End PBXFrameworksBuildPhase section */

/* Begin PBXGroup section */
		837422531815B0D4000FCC76 = {
			isa = PBXGroup;
			children = (
				837422671815B0D4000FCC76 /* GameQ-Mobile */,
				837422841815B0D4000FCC76 /* GameQ-MobileTests */,
				8374225E1815B0D4000FCC76 /* Frameworks */,
				8374225D1815B0D4000FCC76 /* Products */,
			);
			sourceTree = "<group>";
		};
		8374225D1815B0D4000FCC76 /* Products */ = {
			isa = PBXGroup;
			children = (
				8374225C1815B0D4000FCC76 /* GameQ-Mobile.app */,
			);
			name = Products;
			sourceTree = "<group>";
		};
		8374225E1815B0D4000FCC76 /* Frameworks */ = {
			isa = PBXGroup;
			children = (
				839698F818A67BA900F2C417 /* StoreKit.framework */,
				8311E3E61847A27A0011212C /* Security.framework */,
				8374225F1815B0D4000FCC76 /* Foundation.framework */,
				837422611815B0D4000FCC76 /* CoreGraphics.framework */,
				837422631815B0D4000FCC76 /* UIKit.framework */,
				837422651815B0D4000FCC76 /* CoreData.framework */,
				8374227D1815B0D4000FCC76 /* XCTest.framework */,
			);
			name = Frameworks;
			sourceTree = "<group>";
		};
		837422671815B0D4000FCC76 /* GameQ-Mobile */ = {
			isa = PBXGroup;
			children = (
				837422701815B0D4000FCC76 /* LVFAppDelegate.h */,
				837422711815B0D4000FCC76 /* LVFAppDelegate.m */,
				837422961815B0DF000FCC76 /* LVFViewController.h */,
				837422971815B0DF000FCC76 /* LVFViewController.m */,
				83EFA91119A4D10D00DD1A16 /* LVFMasterViewController.h */,
				83EFA91219A4D10D00DD1A16 /* LVFMasterViewController.m */,
				83EFA90519A4B80900DD1A16 /* LVFViewControllerTwo.h */,
				83EFA90619A4B80900DD1A16 /* LVFViewControllerTwo.m */,
				8365A709182BF09E003F7301 /* LVFTableViewController.h */,
				8365A70A182BF09E003F7301 /* LVFTableViewController.m */,
				833403DD18C63A3000A8B6E0 /* LVFSettingsController.h */,
				833403DE18C63A3000A8B6E0 /* LVFSettingsController.m */,
				833403E018C63A6800A8B6E0 /* LVFAboutController.h */,
				833403E118C63A6800A8B6E0 /* LVFAboutController.m */,
				833403DA18C5FA7E00A8B6E0 /* LVFCell.h */,
				833403DB18C5FA7E00A8B6E0 /* LVFCell.m */,
				8365A706182BEFFE003F7301 /* LVFTableView.h */,
				8365A707182BEFFE003F7301 /* LVFTableView.m */,
				837422981815B0DF000FCC76 /* NSString+SHA256.h */,
				837422991815B0DF000FCC76 /* NSString+SHA256.m */,
				8374229A1815B0DF000FCC76 /* LVFConnections.h */,
				8374229B1815B0DF000FCC76 /* LVFConnections.m */,
				8374229C1815B0DF000FCC76 /* LVFConnect.h */,
				8374229D1815B0DF000FCC76 /* LVFConnect.m */,
				837422A918181E7A000FCC76 /* LVFDataModel.h */,
				837422AA18181E7A000FCC76 /* LVFDataModel.m */,
				837422AC18184443000FCC76 /* LVFDefinitions.h */,
				837422AD18184443000FCC76 /* LVFDefinitions.m */,
				8311E3E31847A1DF0011212C /* KeychainItemWrapper.h */,
				8311E3E41847A1DF0011212C /* KeychainItemWrapper.m */,
				83BFCFD119A6D191002C0DD6 /* iRate.h */,
				83BFCFD219A6D191002C0DD6 /* iRate.m */,
				83BFCFD419A6D19D002C0DD6 /* iRate.bundle */,
				837422761815B0D4000FCC76 /* Images.xcassets */,
				837422731815B0D4000FCC76 /* GameQ_Mobile.xcdatamodeld */,
				837422681815B0D4000FCC76 /* Supporting Files */,
			);
			path = "GameQ-Mobile";
			sourceTree = "<group>";
		};
		837422681815B0D4000FCC76 /* Supporting Files */ = {
			isa = PBXGroup;
			children = (
				837422A81815B0EF000FCC76 /* Images */,
				837422691815B0D4000FCC76 /* GameQ-Mobile-Info.plist */,
				8374226A1815B0D4000FCC76 /* InfoPlist.strings */,
				8374226D1815B0D4000FCC76 /* main.m */,
				8374226F1815B0D4000FCC76 /* GameQ-Mobile-Prefix.pch */,
			);
			name = "Supporting Files";
			sourceTree = "<group>";
		};
		837422841815B0D4000FCC76 /* GameQ-MobileTests */ = {
			isa = PBXGroup;
			children = (
				8374228A1815B0D4000FCC76 /* GameQ_MobileTests.m */,
				837422851815B0D4000FCC76 /* Supporting Files */,
			);
			path = "GameQ-MobileTests";
			sourceTree = "<group>";
		};
		837422851815B0D4000FCC76 /* Supporting Files */ = {
			isa = PBXGroup;
			children = (
				837422861815B0D4000FCC76 /* GameQ-MobileTests-Info.plist */,
				837422871815B0D4000FCC76 /* InfoPlist.strings */,
			);
			name = "Supporting Files";
			sourceTree = "<group>";
		};
		837422A81815B0EF000FCC76 /* Images */ = {
			isa = PBXGroup;
			children = (
				83F76CF319B4DA120023441F /* facebook48.png */,
				83F76CF419B4DA120023441F /* twitter48.png */,
				83BFCFBF19A61B67002C0DD6 /* cslogo.png */,
				83BFCFCD19A64B65002C0DD6 /* honlogo.png */,
				83BFCFCE19A64B65002C0DD6 /* dotalogo.png */,
				9C6852DF19320BEF00652B0C /* kuggDefault.png */,
				9C6852E019320BEF00652B0C /* kuggDefault@2x.png */,
				83BFCFC919A63476002C0DD6 /* listIcon@2x.png */,
				83BFCFCA19A63476002C0DD6 /* listIcon.png */,
				AE4A920E19B3A621004CAF3A /* greenLight.png */,
				AE4A920F19B3A621004CAF3A /* greenLight@2x.png */,
				AE4A921019B3A621004CAF3A /* greyLight.png */,
				AE4A921119B3A621004CAF3A /* greyLight@2x.png */,
				AE4A921219B3A621004CAF3A /* redLight.png */,
				AE4A921319B3A621004CAF3A /* redLight@2x.png */,
				AE4A921419B3A621004CAF3A /* yellowLight.png */,
				AE4A921519B3A621004CAF3A /* yellowLight@2x.png */,
				9C6852E119320BEF00652B0C /* kuggHighlighted.png */,
				9C6852E219320BEF00652B0C /* kuggHighlighted@2x.png */,
				AE597B7019B244A100419B16 /* sq-nb.png */,
				AE597B7C19B24A4F00419B16 /* sq-nb-ora.png */,
				AE597B7D19B24A4F00419B16 /* sq-nb-ora@2x.png */,
				AE597B7119B244A100419B16 /* sq-nb@2x.png */,
				AE597B6A19B23D4D00419B16 /* blurred.png */,
				AE597B6C19B23F1800419B16 /* sqt.png */,
				AE597B6D19B23F1800419B16 /* sqt@2x.png */,
			);
			name = Images;
			sourceTree = "<group>";
		};
/* End PBXGroup section */

/* Begin PBXNativeTarget section */
		8374225B1815B0D4000FCC76 /* GameQ-Mobile */ = {
			isa = PBXNativeTarget;
			buildConfigurationList = 8374228E1815B0D4000FCC76 /* Build configuration list for PBXNativeTarget "GameQ-Mobile" */;
			buildPhases = (
				837422581815B0D4000FCC76 /* Sources */,
				837422591815B0D4000FCC76 /* Frameworks */,
				8374225A1815B0D4000FCC76 /* Resources */,
			);
			buildRules = (
			);
			dependencies = (
			);
			name = "GameQ-Mobile";
			productName = "GameQ-Mobile";
			productReference = 8374225C1815B0D4000FCC76 /* GameQ-Mobile.app */;
			productType = "com.apple.product-type.application";
		};
/* End PBXNativeTarget section */

/* Begin PBXProject section */
		837422541815B0D4000FCC76 /* Project object */ = {
			isa = PBXProject;
			attributes = {
				CLASSPREFIX = LVF;
				LastUpgradeCheck = 0510;
				ORGANIZATIONNAME = "Ludvig Fröberg";
				TargetAttributes = {
					8374225B1815B0D4000FCC76 = {
						DevelopmentTeam = NZ5DEAP476;
						SystemCapabilities = {
							com.apple.InAppPurchase = {
								enabled = 1;
							};
						};
					};
				};
			};
			buildConfigurationList = 837422571815B0D4000FCC76 /* Build configuration list for PBXProject "GameQ-Mobile" */;
			compatibilityVersion = "Xcode 3.2";
			developmentRegion = English;
			hasScannedForEncodings = 0;
			knownRegions = (
				en,
			);
			mainGroup = 837422531815B0D4000FCC76;
			productRefGroup = 8374225D1815B0D4000FCC76 /* Products */;
			projectDirPath = "";
			projectRoot = "";
			targets = (
				8374225B1815B0D4000FCC76 /* GameQ-Mobile */,
			);
		};
/* End PBXProject section */

/* Begin PBXResourcesBuildPhase section */
		8374225A1815B0D4000FCC76 /* Resources */ = {
			isa = PBXResourcesBuildPhase;
			buildActionMask = 2147483647;
			files = (
				9C6852E319320BEF00652B0C /* kuggDefault.png in Resources */,
				AE4A921B19B3A621004CAF3A /* redLight@2x.png in Resources */,
				AE597B7E19B24A4F00419B16 /* sq-nb-ora.png in Resources */,
				9C6852E619320BEF00652B0C /* kuggHighlighted@2x.png in Resources */,
				9C6852E419320BEF00652B0C /* kuggDefault@2x.png in Resources */,
				8374226C1815B0D4000FCC76 /* InfoPlist.strings in Resources */,
				AE4A921C19B3A621004CAF3A /* yellowLight.png in Resources */,
				AE4A921819B3A621004CAF3A /* greyLight.png in Resources */,
				AE4A921719B3A621004CAF3A /* greenLight@2x.png in Resources */,
				83BFCFD019A64B65002C0DD6 /* dotalogo.png in Resources */,
				83BFCFCF19A64B65002C0DD6 /* honlogo.png in Resources */,
				83F76CF519B4DA120023441F /* facebook48.png in Resources */,
				837422771815B0D4000FCC76 /* Images.xcassets in Resources */,
				AE597B7F19B24A4F00419B16 /* sq-nb-ora@2x.png in Resources */,
				AE597B7319B244A100419B16 /* sq-nb@2x.png in Resources */,
				AE4A921D19B3A621004CAF3A /* yellowLight@2x.png in Resources */,
				AE4A921619B3A621004CAF3A /* greenLight.png in Resources */,
				AE4A921A19B3A621004CAF3A /* redLight.png in Resources */,
				83BFCFCB19A63476002C0DD6 /* listIcon@2x.png in Resources */,
				83BFCFCC19A63476002C0DD6 /* listIcon.png in Resources */,
				83BFCFD519A6D19D002C0DD6 /* iRate.bundle in Resources */,
				AE597B6B19B23D4D00419B16 /* blurred.png in Resources */,
				83BFCFC019A61B67002C0DD6 /* cslogo.png in Resources */,
				AE597B6F19B23F1800419B16 /* sqt@2x.png in Resources */,
				AE4A921919B3A621004CAF3A /* greyLight@2x.png in Resources */,
				83F76CF619B4DA120023441F /* twitter48.png in Resources */,
				AE597B6E19B23F1800419B16 /* sqt.png in Resources */,
				9C6852E519320BEF00652B0C /* kuggHighlighted.png in Resources */,
				AE597B7219B244A100419B16 /* sq-nb.png in Resources */,
			);
			runOnlyForDeploymentPostprocessing = 0;
		};
/* End PBXResourcesBuildPhase section */

/* Begin PBXSourcesBuildPhase section */
		837422581815B0D4000FCC76 /* Sources */ = {
			isa = PBXSourcesBuildPhase;
			buildActionMask = 2147483647;
			files = (
				8365A708182BEFFE003F7301 /* LVFTableView.m in Sources */,
				83EFA91319A4D10D00DD1A16 /* LVFMasterViewController.m in Sources */,
				837422A21815B0DF000FCC76 /* LVFConnections.m in Sources */,
				83EFA90719A4B80900DD1A16 /* LVFViewControllerTwo.m in Sources */,
				8374226E1815B0D4000FCC76 /* main.m in Sources */,
				837422A01815B0DF000FCC76 /* LVFViewController.m in Sources */,
				833403DF18C63A3000A8B6E0 /* LVFSettingsController.m in Sources */,
				837422A31815B0DF000FCC76 /* LVFConnect.m in Sources */,
				833403E218C63A6800A8B6E0 /* LVFAboutController.m in Sources */,
				83BFCFD319A6D191002C0DD6 /* iRate.m in Sources */,
				837422AB18181E7A000FCC76 /* LVFDataModel.m in Sources */,
				837422AE18184443000FCC76 /* LVFDefinitions.m in Sources */,
				833403DC18C5FA7E00A8B6E0 /* LVFCell.m in Sources */,
				837422A11815B0DF000FCC76 /* NSString+SHA256.m in Sources */,
				8311E3E51847A1DF0011212C /* KeychainItemWrapper.m in Sources */,
				837422721815B0D4000FCC76 /* LVFAppDelegate.m in Sources */,
				837422751815B0D4000FCC76 /* GameQ_Mobile.xcdatamodeld in Sources */,
				8365A70B182BF09E003F7301 /* LVFTableViewController.m in Sources */,
			);
			runOnlyForDeploymentPostprocessing = 0;
		};
/* End PBXSourcesBuildPhase section */

/* Begin PBXVariantGroup section */
		8374226A1815B0D4000FCC76 /* InfoPlist.strings */ = {
			isa = PBXVariantGroup;
			children = (
				8374226B1815B0D4000FCC76 /* en */,
			);
			name = InfoPlist.strings;
			sourceTree = "<group>";
		};
		837422871815B0D4000FCC76 /* InfoPlist.strings */ = {
			isa = PBXVariantGroup;
			children = (
				837422881815B0D4000FCC76 /* en */,
			);
			name = InfoPlist.strings;
			sourceTree = "<group>";
		};
/* End PBXVariantGroup section */

/* Begin XCBuildConfiguration section */
		8374228C1815B0D4000FCC76 /* Debug */ = {
			isa = XCBuildConfiguration;
			buildSettings = {
				ALWAYS_SEARCH_USER_PATHS = NO;
				CLANG_CXX_LANGUAGE_STANDARD = "gnu++0x";
				CLANG_CXX_LIBRARY = "libc++";
				CLANG_ENABLE_MODULES = YES;
				CLANG_ENABLE_OBJC_ARC = YES;
				CLANG_WARN_BOOL_CONVERSION = YES;
				CLANG_WARN_CONSTANT_CONVERSION = YES;
				CLANG_WARN_DIRECT_OBJC_ISA_USAGE = YES_ERROR;
				CLANG_WARN_EMPTY_BODY = YES;
				CLANG_WARN_ENUM_CONVERSION = YES;
				CLANG_WARN_INT_CONVERSION = YES;
				CLANG_WARN_OBJC_ROOT_CLASS = YES_ERROR;
				CLANG_WARN__DUPLICATE_METHOD_MATCH = YES;
				CODE_SIGN_IDENTITY = "iPhone Developer";
				"CODE_SIGN_IDENTITY[sdk=iphoneos*]" = "iPhone Developer";
				COPY_PHASE_STRIP = NO;
				GCC_C_LANGUAGE_STANDARD = gnu99;
				GCC_DYNAMIC_NO_PIC = NO;
				GCC_OPTIMIZATION_LEVEL = 0;
				GCC_PREPROCESSOR_DEFINITIONS = (
					"DEBUG=1",
					"$(inherited)",
				);
				GCC_SYMBOLS_PRIVATE_EXTERN = NO;
				GCC_WARN_64_TO_32_BIT_CONVERSION = YES;
				GCC_WARN_ABOUT_RETURN_TYPE = YES_ERROR;
				GCC_WARN_UNDECLARED_SELECTOR = YES;
				GCC_WARN_UNINITIALIZED_AUTOS = YES;
				GCC_WARN_UNUSED_FUNCTION = YES;
				GCC_WARN_UNUSED_VARIABLE = YES;
				IPHONEOS_DEPLOYMENT_TARGET = 7.0;
				ONLY_ACTIVE_ARCH = YES;
				PROVISIONING_PROFILE = "9937E5C4-60DF-4734-9230-C980112A532C";
				SDKROOT = iphoneos;
				TARGETED_DEVICE_FAMILY = "1,2";
			};
			name = Debug;
		};
		8374228D1815B0D4000FCC76 /* Release */ = {
			isa = XCBuildConfiguration;
			buildSettings = {
				ALWAYS_SEARCH_USER_PATHS = NO;
				CLANG_CXX_LANGUAGE_STANDARD = "gnu++0x";
				CLANG_CXX_LIBRARY = "libc++";
				CLANG_ENABLE_MODULES = YES;
				CLANG_ENABLE_OBJC_ARC = YES;
				CLANG_WARN_BOOL_CONVERSION = YES;
				CLANG_WARN_CONSTANT_CONVERSION = YES;
				CLANG_WARN_DIRECT_OBJC_ISA_USAGE = YES_ERROR;
				CLANG_WARN_EMPTY_BODY = YES;
				CLANG_WARN_ENUM_CONVERSION = YES;
				CLANG_WARN_INT_CONVERSION = YES;
				CLANG_WARN_OBJC_ROOT_CLASS = YES_ERROR;
				CLANG_WARN__DUPLICATE_METHOD_MATCH = YES;
				CODE_SIGN_IDENTITY = "iPhone Developer";
				"CODE_SIGN_IDENTITY[sdk=iphoneos*]" = "iPhone Developer";
				COPY_PHASE_STRIP = YES;
				ENABLE_NS_ASSERTIONS = NO;
				GCC_C_LANGUAGE_STANDARD = gnu99;
				GCC_WARN_64_TO_32_BIT_CONVERSION = YES;
				GCC_WARN_ABOUT_RETURN_TYPE = YES_ERROR;
				GCC_WARN_UNDECLARED_SELECTOR = YES;
				GCC_WARN_UNINITIALIZED_AUTOS = YES;
				GCC_WARN_UNUSED_FUNCTION = YES;
				GCC_WARN_UNUSED_VARIABLE = YES;
				IPHONEOS_DEPLOYMENT_TARGET = 7.0;
				PROVISIONING_PROFILE = "9937E5C4-60DF-4734-9230-C980112A532C";
				SDKROOT = iphoneos;
				TARGETED_DEVICE_FAMILY = "1,2";
				VALIDATE_PRODUCT = YES;
			};
			name = Release;
		};
		8374228F1815B0D4000FCC76 /* Debug */ = {
			isa = XCBuildConfiguration;
			buildSettings = {
				ASSETCATALOG_COMPILER_APPICON_NAME = AppIcon;
				ASSETCATALOG_COMPILER_LAUNCHIMAGE_NAME = LaunchImage;
				CODE_SIGN_IDENTITY = "iPhone Developer";
				"CODE_SIGN_IDENTITY[sdk=iphoneos*]" = "iPhone Developer";
				GCC_PRECOMPILE_PREFIX_HEADER = YES;
				GCC_PREFIX_HEADER = "GameQ-Mobile/GameQ-Mobile-Prefix.pch";
				INFOPLIST_FILE = "GameQ-Mobile/GameQ-Mobile-Info.plist";
				PRODUCT_NAME = "$(TARGET_NAME)";
				PROVISIONING_PROFILE = "";
				TARGETED_DEVICE_FAMILY = 1;
				WRAPPER_EXTENSION = app;
			};
			name = Debug;
		};
		837422901815B0D4000FCC76 /* Release */ = {
			isa = XCBuildConfiguration;
			buildSettings = {
				ASSETCATALOG_COMPILER_APPICON_NAME = AppIcon;
				ASSETCATALOG_COMPILER_LAUNCHIMAGE_NAME = LaunchImage;
				CODE_SIGN_IDENTITY = "iPhone Developer";
				"CODE_SIGN_IDENTITY[sdk=iphoneos*]" = "iPhone Developer";
				GCC_PRECOMPILE_PREFIX_HEADER = YES;
				GCC_PREFIX_HEADER = "GameQ-Mobile/GameQ-Mobile-Prefix.pch";
				INFOPLIST_FILE = "GameQ-Mobile/GameQ-Mobile-Info.plist";
				PRODUCT_NAME = "$(TARGET_NAME)";
				PROVISIONING_PROFILE = "";
				TARGETED_DEVICE_FAMILY = 1;
				WRAPPER_EXTENSION = app;
			};
			name = Release;
		};
/* End XCBuildConfiguration section */

/* Begin XCConfigurationList section */
		837422571815B0D4000FCC76 /* Build configuration list for PBXProject "GameQ-Mobile" */ = {
			isa = XCConfigurationList;
			buildConfigurations = (
				8374228C1815B0D4000FCC76 /* Debug */,
				8374228D1815B0D4000FCC76 /* Release */,
			);
			defaultConfigurationIsVisible = 0;
			defaultConfigurationName = Release;
		};
		8374228E1815B0D4000FCC76 /* Build configuration list for PBXNativeTarget "GameQ-Mobile" */ = {
			isa = XCConfigurationList;
			buildConfigurations = (
				8374228F1815B0D4000FCC76 /* Debug */,
				837422901815B0D4000FCC76 /* Release */,
			);
			defaultConfigurationIsVisible = 0;
			defaultConfigurationName = Release;
		};
/* End XCConfigurationList section */

/* Begin XCVersionGroup section */
		837422731815B0D4000FCC76 /* GameQ_Mobile.xcdatamodeld */ = {
			isa = XCVersionGroup;
			children = (
				837422741815B0D4000FCC76 /* GameQ_Mobile.xcdatamodel */,
			);
			currentVersion = 837422741815B0D4000FCC76 /* GameQ_Mobile.xcdatamodel */;
			path = GameQ_Mobile.xcdatamodeld;
			sourceTree = "<group>";
			versionGroupType = wrapper.xcdatamodel;
		};
/* End XCVersionGroup section */
	};
	rootObject = 837422541815B0D4000FCC76 /* Project object */;
}
